
Microsoft Visual Studio Solution File, Format Version 12.00
# Visual Studio Version 16
VisualStudioVersion = 16.0.28922.388
MinimumVisualStudioVersion = 10.0.40219.1
Project("{FAE04EC0-301F-11D3-BF4B-00C04F79EFBC}") = "AT1.6", "AT1.6\AT1.6.csproj", "{3563947D-4829-4F07-A603-11AB4D6E18E6}"
EndProject
Global
	GlobalSection(SolutionConfigurationPlatforms) = preSolution
		Debug|Any CPU = Debug|Any CPU
		Release|Any CPU = Release|Any CPU
	EndGlobalSection
	GlobalSection(ProjectConfigurationPlatforms) = postSolution
		{3563947D-4829-4F07-A603-11AB4D6E18E6}.Debug|Any CPU.ActiveCfg = Debug|Any CPU
		{3563947D-4829-4F07-A603-11AB4D6E18E6}.Debug|Any CPU.Build.0 = Debug|Any CPU
		{3563947D-4829-4F07-A603-11AB4D6E18E6}.Release|Any CPU.ActiveCfg = Release|Any CPU
		{3563947D-4829-4F07-A603-11AB4D6E18E6}.Release|Any CPU.Build.0 = Release|Any CPU
	EndGlobalSection
	GlobalSection(SolutionProperties) = preSolution
		HideSolutionNode = FALSE
	EndGlobalSection
	GlobalSection(ExtensibilityGlobals) = postSolution
		SolutionGuid = {0955848A-96AB-40FF-9EC7-A0B4E5A51419}
	EndGlobalSection
EndGlobal
